
Microsoft Visual Studio Solution File, Format Version 12.00
# Visual Studio Version 17
VisualStudioVersion = 17.4.33122.133
MinimumVisualStudioVersion = 10.0.40219.1
Project("{FAE04EC0-301F-11D3-BF4B-00C04F79EFBC}") = "OOPSharp", "OOPSharp\OOPSharp.csproj", "{87C67A1E-2C34-418F-B820-5F0FED92B40A}"
EndProject
Global
	GlobalSection(SolutionConfigurationPlatforms) = preSolution
		Debug|Any CPU = Debug|Any CPU
		Release|Any CPU = Release|Any CPU
	EndGlobalSection
	GlobalSection(ProjectConfigurationPlatforms) = postSolution
		{87C67A1E-2C34-418F-B820-5F0FED92B40A}.Debug|Any CPU.ActiveCfg = Debug|Any CPU
		{87C67A1E-2C34-418F-B820-5F0FED92B40A}.Debug|Any CPU.Build.0 = Debug|Any CPU
		{87C67A1E-2C34-418F-B820-5F0FED92B40A}.Release|Any CPU.ActiveCfg = Release|Any CPU
		{87C67A1E-2C34-418F-B820-5F0FED92B40A}.Release|Any CPU.Build.0 = Release|Any CPU
	EndGlobalSection
	GlobalSection(SolutionProperties) = preSolution
		HideSolutionNode = FALSE
	EndGlobalSection
	GlobalSection(ExtensibilityGlobals) = postSolution
		SolutionGuid = {61CAE52B-E889-425B-95C1-D16CD2EFB3AB}
	EndGlobalSection
EndGlobal
